
Microsoft Visual Studio Solution File, Format Version 12.00
# Visual Studio Version 16
VisualStudioVersion = 16.0.29215.179
MinimumVisualStudioVersion = 10.0.40219.1
Project("{FAE04EC0-301F-11D3-BF4B-00C04F79EFBC}") = "Arvore De Busca", "Arvore De Busca\Arvore De Busca.csproj", "{4DA08560-DFB8-432A-85EB-5FD7F2A9034C}"
EndProject
Global
	GlobalSection(SolutionConfigurationPlatforms) = preSolution
		Debug|Any CPU = Debug|Any CPU
		Release|Any CPU = Release|Any CPU
	EndGlobalSection
	GlobalSection(ProjectConfigurationPlatforms) = postSolution
		{4DA08560-DFB8-432A-85EB-5FD7F2A9034C}.Debug|Any CPU.ActiveCfg = Debug|Any CPU
		{4DA08560-DFB8-432A-85EB-5FD7F2A9034C}.Debug|Any CPU.Build.0 = Debug|Any CPU
		{4DA08560-DFB8-432A-85EB-5FD7F2A9034C}.Release|Any CPU.ActiveCfg = Release|Any CPU
		{4DA08560-DFB8-432A-85EB-5FD7F2A9034C}.Release|Any CPU.Build.0 = Release|Any CPU
	EndGlobalSection
	GlobalSection(SolutionProperties) = preSolution
		HideSolutionNode = FALSE
	EndGlobalSection
	GlobalSection(ExtensibilityGlobals) = postSolution
		SolutionGuid = {FBF18596-66C2-4EA3-A1F3-A437E56B9DD1}
	EndGlobalSection
EndGlobal
